
Microsoft Visual Studio Solution File, Format Version 12.00
# Visual Studio Version 16
VisualStudioVersion = 16.0.30804.86
MinimumVisualStudioVersion = 10.0.40219.1
Project("{FAE04EC0-301F-11D3-BF4B-00C04F79EFBC}") = "ConsoleApp1", "ConsoleApp1\ConsoleApp1.csproj", "{EA774A74-C4EC-42DD-8094-5780F6D7B82D}"
EndProject
Global
	GlobalSection(SolutionConfigurationPlatforms) = preSolution
		Debug|Any CPU = Debug|Any CPU
		Release|Any CPU = Release|Any CPU
	EndGlobalSection
	GlobalSection(ProjectConfigurationPlatforms) = postSolution
		{EA774A74-C4EC-42DD-8094-5780F6D7B82D}.Debug|Any CPU.ActiveCfg = Debug|Any CPU
		{EA774A74-C4EC-42DD-8094-5780F6D7B82D}.Debug|Any CPU.Build.0 = Debug|Any CPU
		{EA774A74-C4EC-42DD-8094-5780F6D7B82D}.Release|Any CPU.ActiveCfg = Release|Any CPU
		{EA774A74-C4EC-42DD-8094-5780F6D7B82D}.Release|Any CPU.Build.0 = Release|Any CPU
	EndGlobalSection
	GlobalSection(SolutionProperties) = preSolution
		HideSolutionNode = FALSE
	EndGlobalSection
	GlobalSection(ExtensibilityGlobals) = postSolution
		SolutionGuid = {AB6B76D5-71DC-4D6E-8466-2D7F33EF7DE5}
	EndGlobalSection
EndGlobal
